// !$*UTF8*$!
{
	archiveVersion = 1;
	classes = {
	};
	objectVersion = 51;
	objects = {

/* Begin PBXBuildFile section */
		2554848D23387BC700FBDAE3 /* PhotosViewController.swift in Sources */ = {isa = PBXBuildFile; fileRef = 2554848C23387BC700FBDAE3 /* PhotosViewController.swift */; };
		2564AAF1233AD2FC0047EF40 /* PhotoCell.swift in Sources */ = {isa = PBXBuildFile; fileRef = 2564AAF0233AD2FC0047EF40 /* PhotoCell.swift */; };
		25736146233C0F38000CAFB0 /* PhotosDetailViewController.swift in Sources */ = {isa = PBXBuildFile; fileRef = 25736145233C0F38000CAFB0 /* PhotosDetailViewController.swift */; };
		2595C0DF233872010032D3AB /* AppDelegate.swift in Sources */ = {isa = PBXBuildFile; fileRef = 2595C0DE233872010032D3AB /* AppDelegate.swift */; };
		2595C0E1233872010032D3AB /* SceneDelegate.swift in Sources */ = {isa = PBXBuildFile; fileRef = 2595C0E0233872010032D3AB /* SceneDelegate.swift */; };
		2595C0E6233872010032D3AB /* Main.storyboard in Resources */ = {isa = PBXBuildFile; fileRef = 2595C0E4233872010032D3AB /* Main.storyboard */; };
		2595C0E8233872020032D3AB /* Assets.xcassets in Resources */ = {isa = PBXBuildFile; fileRef = 2595C0E7233872020032D3AB /* Assets.xcassets */; };
		2595C0EB233872020032D3AB /* LaunchScreen.storyboard in Resources */ = {isa = PBXBuildFile; fileRef = 2595C0E9233872020032D3AB /* LaunchScreen.storyboard */; };
		2595C0F6233872020032D3AB /* tumblr_part1Tests.swift in Sources */ = {isa = PBXBuildFile; fileRef = 2595C0F5233872020032D3AB /* tumblr_part1Tests.swift */; };
		2595C101233872020032D3AB /* tumblr_part1UITests.swift in Sources */ = {isa = PBXBuildFile; fileRef = 2595C100233872020032D3AB /* tumblr_part1UITests.swift */; };
		3ACC3140E8874197745597BF /* Pods_tumblr_part1.framework in Frameworks */ = {isa = PBXBuildFile; fileRef = 380FFF00076ADB5066254C87 /* Pods_tumblr_part1.framework */; };
		490E35794E07281D876E5C74 /* Pods_tumblr_part1UITests.framework in Frameworks */ = {isa = PBXBuildFile; fileRef = 2A1785D1F544385BA47048F2 /* Pods_tumblr_part1UITests.framework */; };
		C9B66398D0A135F04ABB860F /* Pods_tumblr_part1Tests.framework in Frameworks */ = {isa = PBXBuildFile; fileRef = 42C0D07F2515860BAECF94D9 /* Pods_tumblr_part1Tests.framework */; };
/* End PBXBuildFile section */

/* Begin PBXContainerItemProxy section */
		2595C0F2233872020032D3AB /* PBXContainerItemProxy */ = {
			isa = PBXContainerItemProxy;
			containerPortal = 2595C0D3233872010032D3AB /* Project object */;
			proxyType = 1;
			remoteGlobalIDString = 2595C0DA233872010032D3AB;
			remoteInfo = "tumblr-part1";
		};
		2595C0FD233872020032D3AB /* PBXContainerItemProxy */ = {
			isa = PBXContainerItemProxy;
			containerPortal = 2595C0D3233872010032D3AB /* Project object */;
			proxyType = 1;
			remoteGlobalIDString = 2595C0DA233872010032D3AB;
			remoteInfo = "tumblr-part1";
		};
/* End PBXContainerItemProxy section */

/* Begin PBXFileReference section */
		2554848C23387BC700FBDAE3 /* PhotosViewController.swift */ = {isa = PBXFileReference; lastKnownFileType = sourcecode.swift; path = PhotosViewController.swift; sourceTree = "<group>"; };
		2564AAF0233AD2FC0047EF40 /* PhotoCell.swift */ = {isa = PBXFileReference; lastKnownFileType = sourcecode.swift; path = PhotoCell.swift; sourceTree = "<group>"; };
		25736145233C0F38000CAFB0 /* PhotosDetailViewController.swift */ = {isa = PBXFileReference; lastKnownFileType = sourcecode.swift; path = PhotosDetailViewController.swift; sourceTree = "<group>"; };
		2595C0DB233872010032D3AB /* tumblr-part1.app */ = {isa = PBXFileReference; explicitFileType = wrapper.application; includeInIndex = 0; path = "tumblr-part1.app"; sourceTree = BUILT_PRODUCTS_DIR; };
		2595C0DE233872010032D3AB /* AppDelegate.swift */ = {isa = PBXFileReference; lastKnownFileType = sourcecode.swift; path = AppDelegate.swift; sourceTree = "<group>"; };
		2595C0E0233872010032D3AB /* SceneDelegate.swift */ = {isa = PBXFileReference; lastKnownFileType = sourcecode.swift; path = SceneDelegate.swift; sourceTree = "<group>"; };
		2595C0E5233872010032D3AB /* Base */ = {isa = PBXFileReference; lastKnownFileType = file.storyboard; name = Base; path = Base.lproj/Main.storyboard; sourceTree = "<group>"; };
		2595C0E7233872020032D3AB /* Assets.xcassets */ = {isa = PBXFileReference; lastKnownFileType = folder.assetcatalog; path = Assets.xcassets; sourceTree = "<group>"; };
		2595C0EA233872020032D3AB /* Base */ = {isa = PBXFileReference; lastKnownFileType = file.storyboard; name = Base; path = Base.lproj/LaunchScreen.storyboard; sourceTree = "<group>"; };
		2595C0EC233872020032D3AB /* Info.plist */ = {isa = PBXFileReference; lastKnownFileType = text.plist.xml; path = Info.plist; sourceTree = "<group>"; };
		2595C0F1233872020032D3AB /* tumblr-part1Tests.xctest */ = {isa = PBXFileReference; explicitFileType = wrapper.cfbundle; includeInIndex = 0; path = "tumblr-part1Tests.xctest"; sourceTree = BUILT_PRODUCTS_DIR; };
		2595C0F5233872020032D3AB /* tumblr_part1Tests.swift */ = {isa = PBXFileReference; lastKnownFileType = sourcecode.swift; path = tumblr_part1Tests.swift; sourceTree = "<group>"; };
		2595C0F7233872020032D3AB /* Info.plist */ = {isa = PBXFileReference; lastKnownFileType = text.plist.xml; path = Info.plist; sourceTree = "<group>"; };
		2595C0FC233872020032D3AB /* tumblr-part1UITests.xctest */ = {isa = PBXFileReference; explicitFileType = wrapper.cfbundle; includeInIndex = 0; path = "tumblr-part1UITests.xctest"; sourceTree = BUILT_PRODUCTS_DIR; };
		2595C100233872020032D3AB /* tumblr_part1UITests.swift */ = {isa = PBXFileReference; lastKnownFileType = sourcecode.swift; path = tumblr_part1UITests.swift; sourceTree = "<group>"; };
		2595C102233872020032D3AB /* Info.plist */ = {isa = PBXFileReference; lastKnownFileType = text.plist.xml; path = Info.plist; sourceTree = "<group>"; };
		2A1785D1F544385BA47048F2 /* Pods_tumblr_part1UITests.framework */ = {isa = PBXFileReference; explicitFileType = wrapper.framework; includeInIndex = 0; path = Pods_tumblr_part1UITests.framework; sourceTree = BUILT_PRODUCTS_DIR; };
		380FFF00076ADB5066254C87 /* Pods_tumblr_part1.framework */ = {isa = PBXFileReference; explicitFileType = wrapper.framework; includeInIndex = 0; path = Pods_tumblr_part1.framework; sourceTree = BUILT_PRODUCTS_DIR; };
		3981FB2917F08540BD32A7EF /* Pods-tumblr-part1UITests.debug.xcconfig */ = {isa = PBXFileReference; includeInIndex = 1; lastKnownFileType = text.xcconfig; name = "Pods-tumblr-part1UITests.debug.xcconfig"; path = "Target Support Files/Pods-tumblr-part1UITests/Pods-tumblr-part1UITests.debug.xcconfig"; sourceTree = "<group>"; };
		39BF1CE06704D7AE96FDFC23 /* Pods-tumblr-part1Tests.release.xcconfig */ = {isa = PBXFileReference; includeInIndex = 1; lastKnownFileType = text.xcconfig; name = "Pods-tumblr-part1Tests.release.xcconfig"; path = "Target Support Files/Pods-tumblr-part1Tests/Pods-tumblr-part1Tests.release.xcconfig"; sourceTree = "<group>"; };
		3A3DE47738207FC48D8A94A2 /* Pods-tumblr-part1.debug.xcconfig */ = {isa = PBXFileReference; includeInIndex = 1; lastKnownFileType = text.xcconfig; name = "Pods-tumblr-part1.debug.xcconfig"; path = "Target Support Files/Pods-tumblr-part1/Pods-tumblr-part1.debug.xcconfig"; sourceTree = "<group>"; };
		42C0D07F2515860BAECF94D9 /* Pods_tumblr_part1Tests.framework */ = {isa = PBXFileReference; explicitFileType = wrapper.framework; includeInIndex = 0; path = Pods_tumblr_part1Tests.framework; sourceTree = BUILT_PRODUCTS_DIR; };
		57201381853ED27EF1754D48 /* Pods-tumblr-part1UITests.release.xcconfig */ = {isa = PBXFileReference; includeInIndex = 1; lastKnownFileType = text.xcconfig; name = "Pods-tumblr-part1UITests.release.xcconfig"; path = "Target Support Files/Pods-tumblr-part1UITests/Pods-tumblr-part1UITests.release.xcconfig"; sourceTree = "<group>"; };
		62187F7E4290126446825FAE /* Pods-tumblr-part1Tests.debug.xcconfig */ = {isa = PBXFileReference; includeInIndex = 1; lastKnownFileType = text.xcconfig; name = "Pods-tumblr-part1Tests.debug.xcconfig"; path = "Target Support Files/Pods-tumblr-part1Tests/Pods-tumblr-part1Tests.debug.xcconfig"; sourceTree = "<group>"; };
		7DFBAF353E16477CD39EED58 /* Pods-tumblr-part1.release.xcconfig */ = {isa = PBXFileReference; includeInIndex = 1; lastKnownFileType = text.xcconfig; name = "Pods-tumblr-part1.release.xcconfig"; path = "Target Support Files/Pods-tumblr-part1/Pods-tumblr-part1.release.xcconfig"; sourceTree = "<group>"; };
/* End PBXFileReference section */

/* Begin PBXFrameworksBuildPhase section */
		2595C0D8233872010032D3AB /* Frameworks */ = {
			isa = PBXFrameworksBuildPhase;
			buildActionMask = 2147483647;
			files = (
				3ACC3140E8874197745597BF /* Pods_tumblr_part1.framework in Frameworks */,
			);
			runOnlyForDeploymentPostprocessing = 0;
		};
		2595C0EE233872020032D3AB /* Frameworks */ = {
			isa = PBXFrameworksBuildPhase;
			buildActionMask = 2147483647;
			files = (
				C9B66398D0A135F04ABB860F /* Pods_tumblr_part1Tests.framework in Frameworks */,
			);
			runOnlyForDeploymentPostprocessing = 0;
		};
		2595C0F9233872020032D3AB /* Frameworks */ = {
			isa = PBXFrameworksBuildPhase;
			buildActionMask = 2147483647;
			files = (
				490E35794E07281D876E5C74 /* Pods_tumblr_part1UITests.framework in Frameworks */,
			);
			runOnlyForDeploymentPostprocessing = 0;
		};
/* End PBXFrameworksBuildPhase section */

/* Begin PBXGroup section */
		2595C0D2233872010032D3AB = {
			isa = PBXGroup;
			children = (
				2595C0DD233872010032D3AB /* tumblr-part1 */,
				2595C0F4233872020032D3AB /* tumblr-part1Tests */,
				2595C0FF233872020032D3AB /* tumblr-part1UITests */,
				2595C0DC233872010032D3AB /* Products */,
				55F153C47B2596796105EB8C /* Pods */,
				CA4E041AC3A25976DA004681 /* Frameworks */,
			);
			sourceTree = "<group>";
		};
		2595C0DC233872010032D3AB /* Products */ = {
			isa = PBXGroup;
			children = (
				2595C0DB233872010032D3AB /* tumblr-part1.app */,
				2595C0F1233872020032D3AB /* tumblr-part1Tests.xctest */,
				2595C0FC233872020032D3AB /* tumblr-part1UITests.xctest */,
			);
			name = Products;
			sourceTree = "<group>";
		};
		2595C0DD233872010032D3AB /* tumblr-part1 */ = {
			isa = PBXGroup;
			children = (
				2595C0DE233872010032D3AB /* AppDelegate.swift */,
				2595C0E0233872010032D3AB /* SceneDelegate.swift */,
				2595C0E4233872010032D3AB /* Main.storyboard */,
				2595C0E7233872020032D3AB /* Assets.xcassets */,
				2595C0E9233872020032D3AB /* LaunchScreen.storyboard */,
				2595C0EC233872020032D3AB /* Info.plist */,
				2554848C23387BC700FBDAE3 /* PhotosViewController.swift */,
				2564AAF0233AD2FC0047EF40 /* PhotoCell.swift */,
				25736145233C0F38000CAFB0 /* PhotosDetailViewController.swift */,
			);
			path = "tumblr-part1";
			sourceTree = "<group>";
		};
		2595C0F4233872020032D3AB /* tumblr-part1Tests */ = {
			isa = PBXGroup;
			children = (
				2595C0F5233872020032D3AB /* tumblr_part1Tests.swift */,
				2595C0F7233872020032D3AB /* Info.plist */,
			);
			path = "tumblr-part1Tests";
			sourceTree = "<group>";
		};
		2595C0FF233872020032D3AB /* tumblr-part1UITests */ = {
			isa = PBXGroup;
			children = (
				2595C100233872020032D3AB /* tumblr_part1UITests.swift */,
				2595C102233872020032D3AB /* Info.plist */,
			);
			path = "tumblr-part1UITests";
			sourceTree = "<group>";
		};
		55F153C47B2596796105EB8C /* Pods */ = {
			isa = PBXGroup;
			children = (
				3A3DE47738207FC48D8A94A2 /* Pods-tumblr-part1.debug.xcconfig */,
				7DFBAF353E16477CD39EED58 /* Pods-tumblr-part1.release.xcconfig */,
				62187F7E4290126446825FAE /* Pods-tumblr-part1Tests.debug.xcconfig */,
				39BF1CE06704D7AE96FDFC23 /* Pods-tumblr-part1Tests.release.xcconfig */,
				3981FB2917F08540BD32A7EF /* Pods-tumblr-part1UITests.debug.xcconfig */,
				57201381853ED27EF1754D48 /* Pods-tumblr-part1UITests.release.xcconfig */,
			);
			path = Pods;
			sourceTree = "<group>";
		};
		CA4E041AC3A25976DA004681 /* Frameworks */ = {
			isa = PBXGroup;
			children = (
				380FFF00076ADB5066254C87 /* Pods_tumblr_part1.framework */,
				42C0D07F2515860BAECF94D9 /* Pods_tumblr_part1Tests.framework */,
				2A1785D1F544385BA47048F2 /* Pods_tumblr_part1UITests.framework */,
			);
			name = Frameworks;
			sourceTree = "<group>";
		};
/* End PBXGroup section */

/* Begin PBXNativeTarget section */
		2595C0DA233872010032D3AB /* tumblr-part1 */ = {
			isa = PBXNativeTarget;
			buildConfigurationList = 2595C105233872020032D3AB /* Build configuration list for PBXNativeTarget "tumblr-part1" */;
			buildPhases = (
				B4CD6331998BB71CDCE7DFE5 /* [CP] Check Pods Manifest.lock */,
				2595C0D7233872010032D3AB /* Sources */,
				2595C0D8233872010032D3AB /* Frameworks */,
				2595C0D9233872010032D3AB /* Resources */,
				5FDB056E116FCC894A24A0E3 /* [CP] Embed Pods Frameworks */,
			);
			buildRules = (
			);
			dependencies = (
			);
			name = "tumblr-part1";
			productName = "tumblr-part1";
			productReference = 2595C0DB233872010032D3AB /* tumblr-part1.app */;
			productType = "com.apple.product-type.application";
		};
		2595C0F0233872020032D3AB /* tumblr-part1Tests */ = {
			isa = PBXNativeTarget;
			buildConfigurationList = 2595C108233872020032D3AB /* Build configuration list for PBXNativeTarget "tumblr-part1Tests" */;
			buildPhases = (
				CF3200B30F7289EBC9CE1799 /* [CP] Check Pods Manifest.lock */,
				2595C0ED233872020032D3AB /* Sources */,
				2595C0EE233872020032D3AB /* Frameworks */,
				2595C0EF233872020032D3AB /* Resources */,
			);
			buildRules = (
			);
			dependencies = (
				2595C0F3233872020032D3AB /* PBXTargetDependency */,
			);
			name = "tumblr-part1Tests";
			productName = "tumblr-part1Tests";
			productReference = 2595C0F1233872020032D3AB /* tumblr-part1Tests.xctest */;
			productType = "com.apple.product-type.bundle.unit-test";
		};
		2595C0FB233872020032D3AB /* tumblr-part1UITests */ = {
			isa = PBXNativeTarget;
			buildConfigurationList = 2595C10B233872020032D3AB /* Build configuration list for PBXNativeTarget "tumblr-part1UITests" */;
			buildPhases = (
				723702DB294ADFF927F244EC /* [CP] Check Pods Manifest.lock */,
				2595C0F8233872020032D3AB /* Sources */,
				2595C0F9233872020032D3AB /* Frameworks */,
				2595C0FA233872020032D3AB /* Resources */,
			);
			buildRules = (
			);
			dependencies = (
				2595C0FE233872020032D3AB /* PBXTargetDependency */,
			);
			name = "tumblr-part1UITests";
			productName = "tumblr-part1UITests";
			productReference = 2595C0FC233872020032D3AB /* tumblr-part1UITests.xctest */;
			productType = "com.apple.product-type.bundle.ui-testing";
		};
/* End PBXNativeTarget section */

/* Begin PBXProject section */
		2595C0D3233872010032D3AB /* Project object */ = {
			isa = PBXProject;
			attributes = {
				LastSwiftUpdateCheck = 1100;
				LastUpgradeCheck = 1100;
				ORGANIZATIONNAME = "Gabriel Sanchez";
				TargetAttributes = {
					2595C0DA233872010032D3AB = {
						CreatedOnToolsVersion = 11.0;
					};
					2595C0F0233872020032D3AB = {
						CreatedOnToolsVersion = 11.0;
						TestTargetID = 2595C0DA233872010032D3AB;
					};
					2595C0FB233872020032D3AB = {
						CreatedOnToolsVersion = 11.0;
						TestTargetID = 2595C0DA233872010032D3AB;
					};
				};
			};
			buildConfigurationList = 2595C0D6233872010032D3AB /* Build configuration list for PBXProject "tumblr-part1" */;
			compatibilityVersion = "Xcode 9.3";
			developmentRegion = en;
			hasScannedForEncodings = 0;
			knownRegions = (
				en,
				Base,
			);
			mainGroup = 2595C0D2233872010032D3AB;
			productRefGroup = 2595C0DC233872010032D3AB /* Products */;
			projectDirPath = "";
			projectRoot = "";
			targets = (
				2595C0DA233872010032D3AB /* tumblr-part1 */,
				2595C0F0233872020032D3AB /* tumblr-part1Tests */,
				2595C0FB233872020032D3AB /* tumblr-part1UITests */,
			);
		};
/* End PBXProject section */

/* Begin PBXResourcesBuildPhase section */
		2595C0D9233872010032D3AB /* Resources */ = {
			isa = PBXResourcesBuildPhase;
			buildActionMask = 2147483647;
			files = (
				2595C0EB233872020032D3AB /* LaunchScreen.storyboard in Resources */,
				2595C0E8233872020032D3AB /* Assets.xcassets in Resources */,
				2595C0E6233872010032D3AB /* Main.storyboard in Resources */,
			);
			runOnlyForDeploymentPostprocessing = 0;
		};
		2595C0EF233872020032D3AB /* Resources */ = {
			isa = PBXResourcesBuildPhase;
			buildActionMask = 2147483647;
			files = (
			);
			runOnlyForDeploymentPostprocessing = 0;
		};
		2595C0FA233872020032D3AB /* Resources */ = {
			isa = PBXResourcesBuildPhase;
			buildActionMask = 2147483647;
			files = (
			);
			runOnlyForDeploymentPostprocessing = 0;
		};
/* End PBXResourcesBuildPhase section */

/* Begin PBXShellScriptBuildPhase section */
		5FDB056E116FCC894A24A0E3 /* [CP] Embed Pods Frameworks */ = {
			isa = PBXShellScriptBuildPhase;
			buildActionMask = 2147483647;
			files = (
			);
			inputFileListPaths = (
				"${PODS_ROOT}/Target Support Files/Pods-tumblr-part1/Pods-tumblr-part1-frameworks-${CONFIGURATION}-input-files.xcfilelist",
			);
			name = "[CP] Embed Pods Frameworks";
			outputFileListPaths = (
				"${PODS_ROOT}/Target Support Files/Pods-tumblr-part1/Pods-tumblr-part1-frameworks-${CONFIGURATION}-output-files.xcfilelist",
			);
			runOnlyForDeploymentPostprocessing = 0;
			shellPath = /bin/sh;
			shellScript = "\"${PODS_ROOT}/Target Support Files/Pods-tumblr-part1/Pods-tumblr-part1-frameworks.sh\"\n";
			showEnvVarsInLog = 0;
		};
		723702DB294ADFF927F244EC /* [CP] Check Pods Manifest.lock */ = {
			isa = PBXShellScriptBuildPhase;
			buildActionMask = 2147483647;
			files = (
			);
			inputFileListPaths = (
			);
			inputPaths = (
				"${PODS_PODFILE_DIR_PATH}/Podfile.lock",
				"${PODS_ROOT}/Manifest.lock",
			);
			name = "[CP] Check Pods Manifest.lock";
			outputFileListPaths = (
			);
			outputPaths = (
				"$(DERIVED_FILE_DIR)/Pods-tumblr-part1UITests-checkManifestLockResult.txt",
			);
			runOnlyForDeploymentPostprocessing = 0;
			shellPath = /bin/sh;
			shellScript = "diff \"${PODS_PODFILE_DIR_PATH}/Podfile.lock\" \"${PODS_ROOT}/Manifest.lock\" > /dev/null\nif [ $? != 0 ] ; then\n    # print error to STDERR\n    echo \"error: The sandbox is not in sync with the Podfile.lock. Run 'pod install' or update your CocoaPods installation.\" >&2\n    exit 1\nfi\n# This output is used by Xcode 'outputs' to avoid re-running this script phase.\necho \"SUCCESS\" > \"${SCRIPT_OUTPUT_FILE_0}\"\n";
			showEnvVarsInLog = 0;
		};
		B4CD6331998BB71CDCE7DFE5 /* [CP] Check Pods Manifest.lock */ = {
			isa = PBXShellScriptBuildPhase;
			buildActionMask = 2147483647;
			files = (
			);
			inputFileListPaths = (
			);
			inputPaths = (
				"${PODS_PODFILE_DIR_PATH}/Podfile.lock",
				"${PODS_ROOT}/Manifest.lock",
			);
			name = "[CP] Check Pods Manifest.lock";
			outputFileListPaths = (
			);
			outputPaths = (
				"$(DERIVED_FILE_DIR)/Pods-tumblr-part1-checkManifestLockResult.txt",
			);
			runOnlyForDeploymentPostprocessing = 0;
			shellPath = /bin/sh;
			shellScript = "diff \"${PODS_PODFILE_DIR_PATH}/Podfile.lock\" \"${PODS_ROOT}/Manifest.lock\" > /dev/null\nif [ $? != 0 ] ; then\n    # print error to STDERR\n    echo \"error: The sandbox is not in sync with the Podfile.lock. Run 'pod install' or update your CocoaPods installation.\" >&2\n    exit 1\nfi\n# This output is used by Xcode 'outputs' to avoid re-running this script phase.\necho \"SUCCESS\" > \"${SCRIPT_OUTPUT_FILE_0}\"\n";
			showEnvVarsInLog = 0;
		};
		CF3200B30F7289EBC9CE1799 /* [CP] Check Pods Manifest.lock */ = {
			isa = PBXShellScriptBuildPhase;
			buildActionMask = 2147483647;
			files = (
			);
			inputFileListPaths = (
			);
			inputPaths = (
				"${PODS_PODFILE_DIR_PATH}/Podfile.lock",
				"${PODS_ROOT}/Manifest.lock",
			);
			name = "[CP] Check Pods Manifest.lock";
			outputFileListPaths = (
			);
			outputPaths = (
				"$(DERIVED_FILE_DIR)/Pods-tumblr-part1Tests-checkManifestLockResult.txt",
			);
			runOnlyForDeploymentPostprocessing = 0;
			shellPath = /bin/sh;
			shellScript = "diff \"${PODS_PODFILE_DIR_PATH}/Podfile.lock\" \"${PODS_ROOT}/Manifest.lock\" > /dev/null\nif [ $? != 0 ] ; then\n    # print error to STDERR\n    echo \"error: The sandbox is not in sync with the Podfile.lock. Run 'pod install' or update your CocoaPods installation.\" >&2\n    exit 1\nfi\n# This output is used by Xcode 'outputs' to avoid re-running this script phase.\necho \"SUCCESS\" > \"${SCRIPT_OUTPUT_FILE_0}\"\n";
			showEnvVarsInLog = 0;
		};
/* End PBXShellScriptBuildPhase section */

/* Begin PBXSourcesBuildPhase section */
		2595C0D7233872010032D3AB /* Sources */ = {
			isa = PBXSourcesBuildPhase;
			buildActionMask = 2147483647;
			files = (
				2564AAF1233AD2FC0047EF40 /* PhotoCell.swift in Sources */,
				2554848D23387BC700FBDAE3 /* PhotosViewController.swift in Sources */,
				25736146233C0F38000CAFB0 /* PhotosDetailViewController.swift in Sources */,
				2595C0DF233872010032D3AB /* AppDelegate.swift in Sources */,
				2595C0E1233872010032D3AB /* SceneDelegate.swift in Sources */,
			);
			runOnlyForDeploymentPostprocessing = 0;
		};
		2595C0ED233872020032D3AB /* Sources */ = {
			isa = PBXSourcesBuildPhase;
			buildActionMask = 2147483647;
			files = (
				2595C0F6233872020032D3AB /* tumblr_part1Tests.swift in Sources */,
			);
			runOnlyForDeploymentPostprocessing = 0;
		};
		2595C0F8233872020032D3AB /* Sources */ = {
			isa = PBXSourcesBuildPhase;
			buildActionMask = 2147483647;
			files = (
				2595C101233872020032D3AB /* tumblr_part1UITests.swift in Sources */,
			);
			runOnlyForDeploymentPostprocessing = 0;
		};
/* End PBXSourcesBuildPhase section */

/* Begin PBXTargetDependency section */
		2595C0F3233872020032D3AB /* PBXTargetDependency */ = {
			isa = PBXTargetDependency;
			target = 2595C0DA233872010032D3AB /* tumblr-part1 */;
			targetProxy = 2595C0F2233872020032D3AB /* PBXContainerItemProxy */;
		};
		2595C0FE233872020032D3AB /* PBXTargetDependency */ = {
			isa = PBXTargetDependency;
			target = 2595C0DA233872010032D3AB /* tumblr-part1 */;
			targetProxy = 2595C0FD233872020032D3AB /* PBXContainerItemProxy */;
		};
/* End PBXTargetDependency section */

/* Begin PBXVariantGroup section */
		2595C0E4233872010032D3AB /* Main.storyboard */ = {
			isa = PBXVariantGroup;
			children = (
				2595C0E5233872010032D3AB /* Base */,
			);
			name = Main.storyboard;
			sourceTree = "<group>";
		};
		2595C0E9233872020032D3AB /* LaunchScreen.storyboard */ = {
			isa = PBXVariantGroup;
			children = (
				2595C0EA233872020032D3AB /* Base */,
			);
			name = LaunchScreen.storyboard;
			sourceTree = "<group>";
		};
/* End PBXVariantGroup section */

/* Begin XCBuildConfiguration section */
		2595C103233872020032D3AB /* Debug */ = {
			isa = XCBuildConfiguration;
			buildSettings = {
				ALWAYS_SEARCH_USER_PATHS = NO;
				CLANG_ANALYZER_NONNULL = YES;
				CLANG_ANALYZER_NUMBER_OBJECT_CONVERSION = YES_AGGRESSIVE;
				CLANG_CXX_LANGUAGE_STANDARD = "gnu++14";
				CLANG_CXX_LIBRARY = "libc++";
				CLANG_ENABLE_MODULES = YES;
				CLANG_ENABLE_OBJC_ARC = YES;
				CLANG_ENABLE_OBJC_WEAK = YES;
				CLANG_WARN_BLOCK_CAPTURE_AUTORELEASING = YES;
				CLANG_WARN_BOOL_CONVERSION = YES;
				CLANG_WARN_COMMA = YES;
				CLANG_WARN_CONSTANT_CONVERSION = YES;
				CLANG_WARN_DEPRECATED_OBJC_IMPLEMENTATIONS = YES;
				CLANG_WARN_DIRECT_OBJC_ISA_USAGE = YES_ERROR;
				CLANG_WARN_DOCUMENTATION_COMMENTS = YES;
				CLANG_WARN_EMPTY_BODY = YES;
				CLANG_WARN_ENUM_CONVERSION = YES;
				CLANG_WARN_INFINITE_RECURSION = YES;
				CLANG_WARN_INT_CONVERSION = YES;
				CLANG_WARN_NON_LITERAL_NULL_CONVERSION = YES;
				CLANG_WARN_OBJC_IMPLICIT_RETAIN_SELF = YES;
				CLANG_WARN_OBJC_LITERAL_CONVERSION = YES;
				CLANG_WARN_OBJC_ROOT_CLASS = YES_ERROR;
				CLANG_WARN_RANGE_LOOP_ANALYSIS = YES;
				CLANG_WARN_STRICT_PROTOTYPES = YES;
				CLANG_WARN_SUSPICIOUS_MOVE = YES;
				CLANG_WARN_UNGUARDED_AVAILABILITY = YES_AGGRESSIVE;
				CLANG_WARN_UNREACHABLE_CODE = YES;
				CLANG_WARN__DUPLICATE_METHOD_MATCH = YES;
				COPY_PHASE_STRIP = NO;
				DEBUG_INFORMATION_FORMAT = dwarf;
				ENABLE_STRICT_OBJC_MSGSEND = YES;
				ENABLE_TESTABILITY = YES;
				GCC_C_LANGUAGE_STANDARD = gnu11;
				GCC_DYNAMIC_NO_PIC = NO;
				GCC_NO_COMMON_BLOCKS = YES;
				GCC_OPTIMIZATION_LEVEL = 0;
				GCC_PREPROCESSOR_DEFINITIONS = (
					"DEBUG=1",
					"$(inherited)",
				);
				GCC_WARN_64_TO_32_BIT_CONVERSION = YES;
				GCC_WARN_ABOUT_RETURN_TYPE = YES_ERROR;
				GCC_WARN_UNDECLARED_SELECTOR = YES;
				GCC_WARN_UNINITIALIZED_AUTOS = YES_AGGRESSIVE;
				GCC_WARN_UNUSED_FUNCTION = YES;
				GCC_WARN_UNUSED_VARIABLE = YES;
				IPHONEOS_DEPLOYMENT_TARGET = 13.0;
				MTL_ENABLE_DEBUG_INFO = INCLUDE_SOURCE;
				MTL_FAST_MATH = YES;
				ONLY_ACTIVE_ARCH = YES;
				SDKROOT = iphoneos;
				SWIFT_ACTIVE_COMPILATION_CONDITIONS = DEBUG;
				SWIFT_OPTIMIZATION_LEVEL = "-Onone";
			};
			name = Debug;
		};
		2595C104233872020032D3AB /* Release */ = {
			isa = XCBuildConfiguration;
			buildSettings = {
				ALWAYS_SEARCH_USER_PATHS = NO;
				CLANG_ANALYZER_NONNULL = YES;
				CLANG_ANALYZER_NUMBER_OBJECT_CONVERSION = YES_AGGRESSIVE;
				CLANG_CXX_LANGUAGE_STANDARD = "gnu++14";
				CLANG_CXX_LIBRARY = "libc++";
				CLANG_ENABLE_MODULES = YES;
				CLANG_ENABLE_OBJC_ARC = YES;
				CLANG_ENABLE_OBJC_WEAK = YES;
				CLANG_WARN_BLOCK_CAPTURE_AUTORELEASING = YES;
				CLANG_WARN_BOOL_CONVERSION = YES;
				CLANG_WARN_COMMA = YES;
				CLANG_WARN_CONSTANT_CONVERSION = YES;
				CLANG_WARN_DEPRECATED_OBJC_IMPLEMENTATIONS = YES;
				CLANG_WARN_DIRECT_OBJC_ISA_USAGE = YES_ERROR;
				CLANG_WARN_DOCUMENTATION_COMMENTS = YES;
				CLANG_WARN_EMPTY_BODY = YES;
				CLANG_WARN_ENUM_CONVERSION = YES;
				CLANG_WARN_INFINITE_RECURSION = YES;
				CLANG_WARN_INT_CONVERSION = YES;
				CLANG_WARN_NON_LITERAL_NULL_CONVERSION = YES;
				CLANG_WARN_OBJC_IMPLICIT_RETAIN_SELF = YES;
				CLANG_WARN_OBJC_LITERAL_CONVERSION = YES;
				CLANG_WARN_OBJC_ROOT_CLASS = YES_ERROR;
				CLANG_WARN_RANGE_LOOP_ANALYSIS = YES;
				CLANG_WARN_STRICT_PROTOTYPES = YES;
				CLANG_WARN_SUSPICIOUS_MOVE = YES;
				CLANG_WARN_UNGUARDED_AVAILABILITY = YES_AGGRESSIVE;
				CLANG_WARN_UNREACHABLE_CODE = YES;
				CLANG_WARN__DUPLICATE_METHOD_MATCH = YES;
				COPY_PHASE_STRIP = NO;
				DEBUG_INFORMATION_FORMAT = "dwarf-with-dsym";
				ENABLE_NS_ASSERTIONS = NO;
				ENABLE_STRICT_OBJC_MSGSEND = YES;
				GCC_C_LANGUAGE_STANDARD = gnu11;
				GCC_NO_COMMON_BLOCKS = YES;
				GCC_WARN_64_TO_32_BIT_CONVERSION = YES;
				GCC_WARN_ABOUT_RETURN_TYPE = YES_ERROR;
				GCC_WARN_UNDECLARED_SELECTOR = YES;
				GCC_WARN_UNINITIALIZED_AUTOS = YES_AGGRESSIVE;
				GCC_WARN_UNUSED_FUNCTION = YES;
				GCC_WARN_UNUSED_VARIABLE = YES;
				IPHONEOS_DEPLOYMENT_TARGET = 13.0;
				MTL_ENABLE_DEBUG_INFO = NO;
				MTL_FAST_MATH = YES;
				SDKROOT = iphoneos;
				SWIFT_COMPILATION_MODE = wholemodule;
				SWIFT_OPTIMIZATION_LEVEL = "-O";
				VALIDATE_PRODUCT = YES;
			};
			name = Release;
		};
		2595C106233872020032D3AB /* Debug */ = {
			isa = XCBuildConfiguration;
			baseConfigurationReference = 3A3DE47738207FC48D8A94A2 /* Pods-tumblr-part1.debug.xcconfig */;
			buildSettings = {
				ASSETCATALOG_COMPILER_APPICON_NAME = AppIcon;
				CODE_SIGN_STYLE = Automatic;
				DEVELOPMENT_TEAM = BJSDZGZT97;
				INFOPLIST_FILE = "tumblr-part1/Info.plist";
				LD_RUNPATH_SEARCH_PATHS = (
					"$(inherited)",
					"@executable_path/Frameworks",
				);
				PRODUCT_BUNDLE_IDENTIFIER = "GabrielSanchez.tumblr-part1";
				PRODUCT_NAME = "$(TARGET_NAME)";
				SWIFT_VERSION = 5.0;
				TARGETED_DEVICE_FAMILY = "1,2";
			};
			name = Debug;
		};
		2595C107233872020032D3AB /* Release */ = {
			isa = XCBuildConfiguration;
			baseConfigurationReference = 7DFBAF353E16477CD39EED58 /* Pods-tumblr-part1.release.xcconfig */;
			buildSettings = {
				ASSETCATALOG_COMPILER_APPICON_NAME = AppIcon;
				CODE_SIGN_STYLE = Automatic;
				DEVELOPMENT_TEAM = BJSDZGZT97;
				INFOPLIST_FILE = "tumblr-part1/Info.plist";
				LD_RUNPATH_SEARCH_PATHS = (
					"$(inherited)",
					"@executable_path/Frameworks",
				);
				PRODUCT_BUNDLE_IDENTIFIER = "GabrielSanchez.tumblr-part1";
				PRODUCT_NAME = "$(TARGET_NAME)";
				SWIFT_VERSION = 5.0;
				TARGETED_DEVICE_FAMILY = "1,2";
			};
			name = Release;
		};
		2595C109233872020032D3AB /* Debug */ = {
			isa = XCBuildConfiguration;
			baseConfigurationReference = 62187F7E4290126446825FAE /* Pods-tumblr-part1Tests.debug.xcconfig */;
			buildSettings = {
				ALWAYS_EMBED_SWIFT_STANDARD_LIBRARIES = YES;
				BUNDLE_LOADER = "$(TEST_HOST)";
				CODE_SIGN_STYLE = Automatic;
				DEVELOPMENT_TEAM = BJSDZGZT97;
				INFOPLIST_FILE = "tumblr-part1Tests/Info.plist";
				IPHONEOS_DEPLOYMENT_TARGET = 13.0;
				LD_RUNPATH_SEARCH_PATHS = (
					"$(inherited)",
					"@executable_path/Frameworks",
					"@loader_path/Frameworks",
				);
				PRODUCT_BUNDLE_IDENTIFIER = "GabrielSanchez.tumblr-part1Tests";
				PRODUCT_NAME = "$(TARGET_NAME)";
				SWIFT_VERSION = 5.0;
				TARGETED_DEVICE_FAMILY = "1,2";
				TEST_HOST = "$(BUILT_PRODUCTS_DIR)/tumblr-part1.app/tumblr-part1";
			};
			name = Debug;
		};
		2595C10A233872020032D3AB /* Release */ = {
			isa = XCBuildConfiguration;
			baseConfigurationReference = 39BF1CE06704D7AE96FDFC23 /* Pods-tumblr-part1Tests.release.xcconfig */;
			buildSettings = {
				ALWAYS_EMBED_SWIFT_STANDARD_LIBRARIES = YES;
				BUNDLE_LOADER = "$(TEST_HOST)";
				CODE_SIGN_STYLE = Automatic;
				DEVELOPMENT_TEAM = BJSDZGZT97;
				INFOPLIST_FILE = "tumblr-part1Tests/Info.plist";
				IPHONEOS_DEPLOYMENT_TARGET = 13.0;
				LD_RUNPATH_SEARCH_PATHS = (
					"$(inherited)",
					"@executable_path/Frameworks",
					"@loader_path/Frameworks",
				);
				PRODUCT_BUNDLE_IDENTIFIER = "GabrielSanchez.tumblr-part1Tests";
				PRODUCT_NAME = "$(TARGET_NAME)";
				SWIFT_VERSION = 5.0;
				TARGETED_DEVICE_FAMILY = "1,2";
				TEST_HOST = "$(BUILT_PRODUCTS_DIR)/tumblr-part1.app/tumblr-part1";
			};
			name = Release;
		};
		2595C10C233872020032D3AB /* Debug */ = {
			isa = XCBuildConfiguration;
			baseConfigurationReference = 3981FB2917F08540BD32A7EF /* Pods-tumblr-part1UITests.debug.xcconfig */;
			buildSettings = {
				ALWAYS_EMBED_SWIFT_STANDARD_LIBRARIES = YES;
				CODE_SIGN_STYLE = Automatic;
				DEVELOPMENT_TEAM = BJSDZGZT97;
				INFOPLIST_FILE = "tumblr-part1UITests/Info.plist";
				LD_RUNPATH_SEARCH_PATHS = (
					"$(inherited)",
					"@executable_path/Frameworks",
					"@loader_path/Frameworks",
				);
				PRODUCT_BUNDLE_IDENTIFIER = "GabrielSanchez.tumblr-part1UITests";
				PRODUCT_NAME = "$(TARGET_NAME)";
				SWIFT_VERSION = 5.0;
				TARGETED_DEVICE_FAMILY = "1,2";
				TEST_TARGET_NAME = "tumblr-part1";
			};
			name = Debug;
		};
		2595C10D233872020032D3AB /* Release */ = {
			isa = XCBuildConfiguration;
			baseConfigurationReference = 57201381853ED27EF1754D48 /* Pods-tumblr-part1UITests.release.xcconfig */;
			buildSettings = {
				ALWAYS_EMBED_SWIFT_STANDARD_LIBRARIES = YES;
				CODE_SIGN_STYLE = Automatic;
				DEVELOPMENT_TEAM = BJSDZGZT97;
				INFOPLIST_FILE = "tumblr-part1UITests/Info.plist";
				LD_RUNPATH_SEARCH_PATHS = (
					"$(inherited)",
					"@executable_path/Frameworks",
					"@loader_path/Frameworks",
				);
				PRODUCT_BUNDLE_IDENTIFIER = "GabrielSanchez.tumblr-part1UITests";
				PRODUCT_NAME = "$(TARGET_NAME)";
				SWIFT_VERSION = 5.0;
				TARGETED_DEVICE_FAMILY = "1,2";
				TEST_TARGET_NAME = "tumblr-part1";
			};
			name = Release;
		};
/* End XCBuildConfiguration section */

/* Begin XCConfigurationList section */
		2595C0D6233872010032D3AB /* Build configuration list for PBXProject "tumblr-part1" */ = {
			isa = XCConfigurationList;
			buildConfigurations = (
				2595C103233872020032D3AB /* Debug */,
				2595C104233872020032D3AB /* Release */,
			);
			defaultConfigurationIsVisible = 0;
			defaultConfigurationName = Release;
		};
		2595C105233872020032D3AB /* Build configuration list for PBXNativeTarget "tumblr-part1" */ = {
			isa = XCConfigurationList;
			buildConfigurations = (
				2595C106233872020032D3AB /* Debug */,
				2595C107233872020032D3AB /* Release */,
			);
			defaultConfigurationIsVisible = 0;
			defaultConfigurationName = Release;
		};
		2595C108233872020032D3AB /* Build configuration list for PBXNativeTarget "tumblr-part1Tests" */ = {
			isa = XCConfigurationList;
			buildConfigurations = (
				2595C109233872020032D3AB /* Debug */,
				2595C10A233872020032D3AB /* Release */,
			);
			defaultConfigurationIsVisible = 0;
			defaultConfigurationName = Release;
		};
		2595C10B233872020032D3AB /* Build configuration list for PBXNativeTarget "tumblr-part1UITests" */ = {
			isa = XCConfigurationList;
			buildConfigurations = (
				2595C10C233872020032D3AB /* Debug */,
				2595C10D233872020032D3AB /* Release */,
			);
			defaultConfigurationIsVisible = 0;
			defaultConfigurationName = Release;
		};
/* End XCConfigurationList section */
	};
	rootObject = 2595C0D3233872010032D3AB /* Project object */;
}
